
Microsoft Visual Studio Solution File, Format Version 12.00
# Visual Studio Version 16
VisualStudioVersion = 16.0.29020.237
MinimumVisualStudioVersion = 10.0.40219.1
Project("{9A19103F-16F7-4668-BE54-9A1E7A4F7556}") = "GoogleForADay.Core", "GoogleForADay.Core\GoogleForADay.Core.csproj", "{65A0F160-1A27-4619-AB54-374DC77EB861}"
EndProject
Project("{FAE04EC0-301F-11D3-BF4B-00C04F79EFBC}") = "GoogleForADay.Infrastructure", "GoogleForADay.Infrastructure\GoogleForADay.Infrastructure.csproj", "{BC648837-5B84-4F3D-82EA-67F1BF225058}"
EndProject
Project("{FAE04EC0-301F-11D3-BF4B-00C04F79EFBC}") = "GoogleForADay.Model", "GoogleForADay.Model\GoogleForADay.Model.csproj", "{7535EFC4-1E65-4A46-978A-A36CB29D1CE5}"
EndProject
Project("{FAE04EC0-301F-11D3-BF4B-00C04F79EFBC}") = "GoogleForADay.Services.Business", "GoogleForADay.Services.Business\GoogleForADay.Services.Business.csproj", "{7877C7DE-8B63-44FE-BA7A-6661B90C9D24}"
EndProject
Project("{FAE04EC0-301F-11D3-BF4B-00C04F79EFBC}") = "GoogleForADay.Services.Api", "GoogleForADay.Services.Api\GoogleForADay.Services.Api.csproj", "{31B756AA-7382-48CF-BF72-11252302C2EC}"
EndProject
Project("{FAE04EC0-301F-11D3-BF4B-00C04F79EFBC}") = "GoogleForADay.Tests", "GoogleForADay.Tests\GoogleForADay.Tests.csproj", "{02BCCE8F-B32A-4E32-965E-7E139B843154}"
EndProject
Global
	GlobalSection(SolutionConfigurationPlatforms) = preSolution
		Debug|Any CPU = Debug|Any CPU
		Release|Any CPU = Release|Any CPU
	EndGlobalSection
	GlobalSection(ProjectConfigurationPlatforms) = postSolution
		{65A0F160-1A27-4619-AB54-374DC77EB861}.Debug|Any CPU.ActiveCfg = Debug|Any CPU
		{65A0F160-1A27-4619-AB54-374DC77EB861}.Debug|Any CPU.Build.0 = Debug|Any CPU
		{65A0F160-1A27-4619-AB54-374DC77EB861}.Release|Any CPU.ActiveCfg = Release|Any CPU
		{65A0F160-1A27-4619-AB54-374DC77EB861}.Release|Any CPU.Build.0 = Release|Any CPU
		{BC648837-5B84-4F3D-82EA-67F1BF225058}.Debug|Any CPU.ActiveCfg = Debug|Any CPU
		{BC648837-5B84-4F3D-82EA-67F1BF225058}.Debug|Any CPU.Build.0 = Debug|Any CPU
		{BC648837-5B84-4F3D-82EA-67F1BF225058}.Release|Any CPU.ActiveCfg = Release|Any CPU
		{BC648837-5B84-4F3D-82EA-67F1BF225058}.Release|Any CPU.Build.0 = Release|Any CPU
		{7535EFC4-1E65-4A46-978A-A36CB29D1CE5}.Debug|Any CPU.ActiveCfg = Debug|Any CPU
		{7535EFC4-1E65-4A46-978A-A36CB29D1CE5}.Debug|Any CPU.Build.0 = Debug|Any CPU
		{7535EFC4-1E65-4A46-978A-A36CB29D1CE5}.Release|Any CPU.ActiveCfg = Release|Any CPU
		{7535EFC4-1E65-4A46-978A-A36CB29D1CE5}.Release|Any CPU.Build.0 = Release|Any CPU
		{7877C7DE-8B63-44FE-BA7A-6661B90C9D24}.Debug|Any CPU.ActiveCfg = Debug|Any CPU
		{7877C7DE-8B63-44FE-BA7A-6661B90C9D24}.Debug|Any CPU.Build.0 = Debug|Any CPU
		{7877C7DE-8B63-44FE-BA7A-6661B90C9D24}.Release|Any CPU.ActiveCfg = Release|Any CPU
		{7877C7DE-8B63-44FE-BA7A-6661B90C9D24}.Release|Any CPU.Build.0 = Release|Any CPU
		{31B756AA-7382-48CF-BF72-11252302C2EC}.Debug|Any CPU.ActiveCfg = Debug|Any CPU
		{31B756AA-7382-48CF-BF72-11252302C2EC}.Debug|Any CPU.Build.0 = Debug|Any CPU
		{31B756AA-7382-48CF-BF72-11252302C2EC}.Release|Any CPU.ActiveCfg = Release|Any CPU
		{31B756AA-7382-48CF-BF72-11252302C2EC}.Release|Any CPU.Build.0 = Release|Any CPU
		{02BCCE8F-B32A-4E32-965E-7E139B843154}.Debug|Any CPU.ActiveCfg = Debug|Any CPU
		{02BCCE8F-B32A-4E32-965E-7E139B843154}.Debug|Any CPU.Build.0 = Debug|Any CPU
		{02BCCE8F-B32A-4E32-965E-7E139B843154}.Release|Any CPU.ActiveCfg = Release|Any CPU
		{02BCCE8F-B32A-4E32-965E-7E139B843154}.Release|Any CPU.Build.0 = Release|Any CPU
	EndGlobalSection
	GlobalSection(SolutionProperties) = preSolution
		HideSolutionNode = FALSE
	EndGlobalSection
	GlobalSection(ExtensibilityGlobals) = postSolution
		SolutionGuid = {9FE9A0A4-4AB6-4087-A492-EC02C2AFC8AD}
	EndGlobalSection
EndGlobal
